<?xml version="1.0" encoding="utf-8"?>
<Project ToolsVersion="4.0" xmlns="http://schemas.microsoft.com/developer/msbuild/2003">
  <ItemGroup>
    <Filter Include="Resources">
      <UniqueIdentifier>092beaab-540b-45b7-b2bf-a441540e67a3</UniqueIdentifier>
      <Extensions>rc;ico;cur;bmp;dlg;rc2;rct;bin;rgs;gif;jpg;jpeg;jpe;resx;tiff;tif;png;wav;mfcribbon-ms</Extensions>
    </Filter>
  </ItemGroup>
  <ItemGroup>
    <ClInclude Include="pch.h" />
    <ClInclude Include="GameText.h" />
    <ClInclude Include=".\DxHelper.h" />
    <ClInclude Include=".\DirectWriteImageSource.h" />
    <ClInclude Include="DxAppxFontLoader.h" />
    <ClInclude Include="TsIUnknownImpl.h" />
    <ClInclude Include="CppDependencyProperty.h" />
    <ClInclude Include="DxImageSourceBase.h" />
    <ClInclude Include="DxTiledBitmapImageSource.h" />
    <ClInclude Include="GameBackground.h" />
  </ItemGroup>
  <ItemGroup>
    <ClCompile Include="pch.cpp" />
    <ClCompile Include="GameText.cpp" />
    <ClCompile Include=".\DxHelper.cpp" />
    <ClCompile Include=".\DirectWriteImageSource.cpp" />
    <ClCompile Include="DxAppxFontLoader.cpp" />
    <ClCompile Include="DxImageSourceBase.cpp" />
    <ClCompile Include="DxTiledBitmapImageSource.cpp" />
    <ClCompile Include="GameBackground.cpp" />
  </ItemGroup>
  <ItemGroup>
    <Page Include="Themes\Generic.xaml" />
  </ItemGroup>
</Project>